
Microsoft Visual Studio Solution File, Format Version 12.00
# Visual Studio Version 17
VisualStudioVersion = 17.0.31903.59
MinimumVisualStudioVersion = 10.0.40219.1
Project("{FAE04EC0-301F-11D3-BF4B-00C04F79EFBC}") = "VanSalesJourneyPlan.API", "VanSalesJourneyPlan.API\VanSalesJourneyPlan.API.csproj", "{D7921E0B-1EFE-44CE-8597-5F65524C75B9}"
EndProject
Project("{FAE04EC0-301F-11D3-BF4B-00C04F79EFBC}") = "VanSalesJourneyPlan.Web", "VanSalesJourneyPlan.Web\VanSalesJourneyPlan.Web.csproj", "{6DA61A70-155C-44F9-8077-4FA87786412A}"
EndProject
Project("{FAE04EC0-301F-11D3-BF4B-00C04F79EFBC}") = "VanSalesJourneyPlan.Mobile", "VanSalesJourneyPlan.Mobile\VanSalesJourneyPlan.Mobile.csproj", "{CA346CE6-5E9C-401B-AA7D-B0456A3D6F18}"
EndProject
Global
	GlobalSection(SolutionConfigurationPlatforms) = preSolution
		Debug|Any CPU = Debug|Any CPU
		Debug|x64 = Debug|x64
		Debug|x86 = Debug|x86
		Release|Any CPU = Release|Any CPU
		Release|x64 = Release|x64
		Release|x86 = Release|x86
	EndGlobalSection
	GlobalSection(ProjectConfigurationPlatforms) = postSolution
		{D7921E0B-1EFE-44CE-8597-5F65524C75B9}.Debug|Any CPU.ActiveCfg = Debug|Any CPU
		{D7921E0B-1EFE-44CE-8597-5F65524C75B9}.Debug|Any CPU.Build.0 = Debug|Any CPU
		{D7921E0B-1EFE-44CE-8597-5F65524C75B9}.Debug|x64.ActiveCfg = Debug|Any CPU
		{D7921E0B-1EFE-44CE-8597-5F65524C75B9}.Debug|x64.Build.0 = Debug|Any CPU
		{D7921E0B-1EFE-44CE-8597-5F65524C75B9}.Debug|x86.ActiveCfg = Debug|Any CPU
		{D7921E0B-1EFE-44CE-8597-5F65524C75B9}.Debug|x86.Build.0 = Debug|Any CPU
		{D7921E0B-1EFE-44CE-8597-5F65524C75B9}.Release|Any CPU.ActiveCfg = Release|Any CPU
		{D7921E0B-1EFE-44CE-8597-5F65524C75B9}.Release|Any CPU.Build.0 = Release|Any CPU
		{D7921E0B-1EFE-44CE-8597-5F65524C75B9}.Release|x64.ActiveCfg = Release|Any CPU
		{D7921E0B-1EFE-44CE-8597-5F65524C75B9}.Release|x64.Build.0 = Release|Any CPU
		{D7921E0B-1EFE-44CE-8597-5F65524C75B9}.Release|x86.ActiveCfg = Release|Any CPU
		{D7921E0B-1EFE-44CE-8597-5F65524C75B9}.Release|x86.Build.0 = Release|Any CPU
		{6DA61A70-155C-44F9-8077-4FA87786412A}.Debug|Any CPU.ActiveCfg = Debug|Any CPU
		{6DA61A70-155C-44F9-8077-4FA87786412A}.Debug|Any CPU.Build.0 = Debug|Any CPU
		{6DA61A70-155C-44F9-8077-4FA87786412A}.Debug|x64.ActiveCfg = Debug|Any CPU
		{6DA61A70-155C-44F9-8077-4FA87786412A}.Debug|x64.Build.0 = Debug|Any CPU
		{6DA61A70-155C-44F9-8077-4FA87786412A}.Debug|x86.ActiveCfg = Debug|Any CPU
		{6DA61A70-155C-44F9-8077-4FA87786412A}.Debug|x86.Build.0 = Debug|Any CPU
		{6DA61A70-155C-44F9-8077-4FA87786412A}.Release|Any CPU.ActiveCfg = Release|Any CPU
		{6DA61A70-155C-44F9-8077-4FA87786412A}.Release|Any CPU.Build.0 = Release|Any CPU
		{6DA61A70-155C-44F9-8077-4FA87786412A}.Release|x64.ActiveCfg = Release|Any CPU
		{6DA61A70-155C-44F9-8077-4FA87786412A}.Release|x64.Build.0 = Release|Any CPU
		{6DA61A70-155C-44F9-8077-4FA87786412A}.Release|x86.ActiveCfg = Release|Any CPU
		{6DA61A70-155C-44F9-8077-4FA87786412A}.Release|x86.Build.0 = Release|Any CPU
		{CA346CE6-5E9C-401B-AA7D-B0456A3D6F18}.Debug|Any CPU.ActiveCfg = Debug|Any CPU
		{CA346CE6-5E9C-401B-AA7D-B0456A3D6F18}.Debug|Any CPU.Build.0 = Debug|Any CPU
		{CA346CE6-5E9C-401B-AA7D-B0456A3D6F18}.Debug|x64.ActiveCfg = Debug|Any CPU
		{CA346CE6-5E9C-401B-AA7D-B0456A3D6F18}.Debug|x64.Build.0 = Debug|Any CPU
		{CA346CE6-5E9C-401B-AA7D-B0456A3D6F18}.Debug|x86.ActiveCfg = Debug|Any CPU
		{CA346CE6-5E9C-401B-AA7D-B0456A3D6F18}.Debug|x86.Build.0 = Debug|Any CPU
		{CA346CE6-5E9C-401B-AA7D-B0456A3D6F18}.Release|Any CPU.ActiveCfg = Release|Any CPU
		{CA346CE6-5E9C-401B-AA7D-B0456A3D6F18}.Release|Any CPU.Build.0 = Release|Any CPU
		{CA346CE6-5E9C-401B-AA7D-B0456A3D6F18}.Release|x64.ActiveCfg = Release|Any CPU
		{CA346CE6-5E9C-401B-AA7D-B0456A3D6F18}.Release|x64.Build.0 = Release|Any CPU
		{CA346CE6-5E9C-401B-AA7D-B0456A3D6F18}.Release|x86.ActiveCfg = Release|Any CPU
		{CA346CE6-5E9C-401B-AA7D-B0456A3D6F18}.Release|x86.Build.0 = Release|Any CPU
	EndGlobalSection
	GlobalSection(SolutionProperties) = preSolution
		HideSolutionNode = FALSE
	EndGlobalSection
EndGlobal
